
Microsoft Visual Studio Solution File, Format Version 12.00
# Visual Studio 15
VisualStudioVersion = 15.0.28010.2041
MinimumVisualStudioVersion = 10.0.40219.1
Project("{FAE04EC0-301F-11D3-BF4B-00C04F79EFBC}") = "Game_BusinessLogicLayer", "Game_BusinessLogicLayer\Game_BusinessLogicLayer.csproj", "{21C2CB19-5329-4063-9A4B-C416937D434C}"
EndProject
Project("{FAE04EC0-301F-11D3-BF4B-00C04F79EFBC}") = "Game_DataAccessLayer", "Game_DataAccessLayer\Game_DataAccessLayer.csproj", "{22A5CEA2-9E23-404D-ABB2-758A67896D20}"
EndProject
Project("{2150E333-8FDC-42A3-9474-1A3956D46DE8}") = "Documentation", "Documentation", "{F29A1334-F674-46E6-B842-820B20C18C85}"
	ProjectSection(SolutionItems) = preProject
		ReadMe.txt = ReadMe.txt
	EndProjectSection
EndProject
Project("{FAE04EC0-301F-11D3-BF4B-00C04F79EFBC}") = "Game_DomainLayer", "Game_DomainLayer\Game_DomainLayer.csproj", "{E3410C38-5751-4606-A2E4-EE416B7DB381}"
EndProject
Project("{FAE04EC0-301F-11D3-BF4B-00C04F79EFBC}") = "Game_PresentationLayer", "G:\CIT255FinalApplication-master\Game_PresentationLayer\Game_PresentationLayer.csproj", "{905603E0-4167-496C-AA8E-094940E89ADA}"
EndProject
Global
	GlobalSection(SolutionConfigurationPlatforms) = preSolution
		Debug|Any CPU = Debug|Any CPU
		Release|Any CPU = Release|Any CPU
	EndGlobalSection
	GlobalSection(ProjectConfigurationPlatforms) = postSolution
		{21C2CB19-5329-4063-9A4B-C416937D434C}.Debug|Any CPU.ActiveCfg = Debug|Any CPU
		{21C2CB19-5329-4063-9A4B-C416937D434C}.Debug|Any CPU.Build.0 = Debug|Any CPU
		{21C2CB19-5329-4063-9A4B-C416937D434C}.Release|Any CPU.ActiveCfg = Release|Any CPU
		{21C2CB19-5329-4063-9A4B-C416937D434C}.Release|Any CPU.Build.0 = Release|Any CPU
		{22A5CEA2-9E23-404D-ABB2-758A67896D20}.Debug|Any CPU.ActiveCfg = Debug|Any CPU
		{22A5CEA2-9E23-404D-ABB2-758A67896D20}.Debug|Any CPU.Build.0 = Debug|Any CPU
		{22A5CEA2-9E23-404D-ABB2-758A67896D20}.Release|Any CPU.ActiveCfg = Release|Any CPU
		{22A5CEA2-9E23-404D-ABB2-758A67896D20}.Release|Any CPU.Build.0 = Release|Any CPU
		{E3410C38-5751-4606-A2E4-EE416B7DB381}.Debug|Any CPU.ActiveCfg = Debug|Any CPU
		{E3410C38-5751-4606-A2E4-EE416B7DB381}.Debug|Any CPU.Build.0 = Debug|Any CPU
		{E3410C38-5751-4606-A2E4-EE416B7DB381}.Release|Any CPU.ActiveCfg = Release|Any CPU
		{E3410C38-5751-4606-A2E4-EE416B7DB381}.Release|Any CPU.Build.0 = Release|Any CPU
		{905603E0-4167-496C-AA8E-094940E89ADA}.Debug|Any CPU.ActiveCfg = Debug|Any CPU
		{905603E0-4167-496C-AA8E-094940E89ADA}.Debug|Any CPU.Build.0 = Debug|Any CPU
		{905603E0-4167-496C-AA8E-094940E89ADA}.Release|Any CPU.ActiveCfg = Release|Any CPU
		{905603E0-4167-496C-AA8E-094940E89ADA}.Release|Any CPU.Build.0 = Release|Any CPU
	EndGlobalSection
	GlobalSection(SolutionProperties) = preSolution
		HideSolutionNode = FALSE
	EndGlobalSection
	GlobalSection(ExtensibilityGlobals) = postSolution
		SolutionGuid = {0E43EC79-277E-4D2B-AE3C-94BF86200B72}
	EndGlobalSection
EndGlobal
